# This file is autogenerated, do not edit; changes may be undone by the next 'dep ensure'.


[[projects]]
  name = "github.com/BurntSushi/toml"
  packages = ["."]
  revision = "b26d9c308763d68093482582cea63d69be07a0f0"
  version = "v0.3.0"

[[projects]]
  branch = "master"
  name = "github.com/fiorix/go-smpp"
  packages = [
    "smpp",
    "smpp/pdu",
    "smpp/pdu/pdufield",
    "smpp/pdu/pdutext",
    "smpp/pdu/pdutlv"
  ]
  revision = "8eb557099ddf995af5b778652b1812f1ff86889c"

[[projects]]
  name = "golang.org/x/text"
  packages = [
    "encoding",
    "encoding/charmap",
    "encoding/internal",
    "encoding/internal/identifier",
    "encoding/unicode",
    "internal/gen",
    "internal/utf8internal",
    "runes",
    "transform",
    "unicode/cldr"
  ]
  revision = "f21a4dfb5e38f5895301dc265a8def02365cc3d0"
  version = "v0.3.0"

[solve-meta]
  analyzer-name = "dep"
  analyzer-version = 1
  inputs-digest = "8ddb90339a5b4e73b00984adcca41049f216a700c6bb427eecacdefd80495c77"
  solver-name = "gps-cdcl"
  solver-version = 1
